// !$*UTF8*$!
{
	archiveVersion = 1;
	classes = {
	};
	objectVersion = 50;
	objects = {

/* Begin PBXBuildFile section */
		23B8FA3AC5A883D1F2BFFA29 /* Pods_NewsApp_Simple.framework in Frameworks */ = {isa = PBXBuildFile; fileRef = 9AF2DB7B8F4A367345326E73 /* Pods_NewsApp_Simple.framework */; };
		4502D952256C622600935EA5 /* AppDelegate.swift in Sources */ = {isa = PBXBuildFile; fileRef = 4502D951256C622600935EA5 /* AppDelegate.swift */; };
		4502D954256C622600935EA5 /* SceneDelegate.swift in Sources */ = {isa = PBXBuildFile; fileRef = 4502D953256C622600935EA5 /* SceneDelegate.swift */; };
		4502D956256C622600935EA5 /* ViewController.swift in Sources */ = {isa = PBXBuildFile; fileRef = 4502D955256C622600935EA5 /* ViewController.swift */; };
		4502D959256C622600935EA5 /* Main.storyboard in Resources */ = {isa = PBXBuildFile; fileRef = 4502D957256C622600935EA5 /* Main.storyboard */; };
		4502D95B256C622F00935EA5 /* Assets.xcassets in Resources */ = {isa = PBXBuildFile; fileRef = 4502D95A256C622F00935EA5 /* Assets.xcassets */; };
		4502D95E256C622F00935EA5 /* LaunchScreen.storyboard in Resources */ = {isa = PBXBuildFile; fileRef = 4502D95C256C622F00935EA5 /* LaunchScreen.storyboard */; };
		4502D966256D7C6000935EA5 /* NewsModel.swift in Sources */ = {isa = PBXBuildFile; fileRef = 4502D965256D7C6000935EA5 /* NewsModel.swift */; };
		45749A062585032200321E00 /* Podfile in Resources */ = {isa = PBXBuildFile; fileRef = 45749A052585032200321E00 /* Podfile */; };
		4588A1CC2570595B0036486D /* NewsCollectionViewCell.swift in Sources */ = {isa = PBXBuildFile; fileRef = 4588A1CB2570595B0036486D /* NewsCollectionViewCell.swift */; };
/* End PBXBuildFile section */

/* Begin PBXFileReference section */
		317D2CDCD9C1FFC71C32B876 /* Pods-NewsApp_Simple.debug.xcconfig */ = {isa = PBXFileReference; includeInIndex = 1; lastKnownFileType = text.xcconfig; name = "Pods-NewsApp_Simple.debug.xcconfig"; path = "Target Support Files/Pods-NewsApp_Simple/Pods-NewsApp_Simple.debug.xcconfig"; sourceTree = "<group>"; };
		4502D94E256C622600935EA5 /* NewsApp_Simple.app */ = {isa = PBXFileReference; explicitFileType = wrapper.application; includeInIndex = 0; path = NewsApp_Simple.app; sourceTree = BUILT_PRODUCTS_DIR; };
		4502D951256C622600935EA5 /* AppDelegate.swift */ = {isa = PBXFileReference; lastKnownFileType = sourcecode.swift; path = AppDelegate.swift; sourceTree = "<group>"; };
		4502D953256C622600935EA5 /* SceneDelegate.swift */ = {isa = PBXFileReference; lastKnownFileType = sourcecode.swift; path = SceneDelegate.swift; sourceTree = "<group>"; };
		4502D955256C622600935EA5 /* ViewController.swift */ = {isa = PBXFileReference; lastKnownFileType = sourcecode.swift; path = ViewController.swift; sourceTree = "<group>"; };
		4502D958256C622600935EA5 /* Base */ = {isa = PBXFileReference; lastKnownFileType = file.storyboard; name = Base; path = Base.lproj/Main.storyboard; sourceTree = "<group>"; };
		4502D95A256C622F00935EA5 /* Assets.xcassets */ = {isa = PBXFileReference; lastKnownFileType = folder.assetcatalog; path = Assets.xcassets; sourceTree = "<group>"; };
		4502D95D256C622F00935EA5 /* Base */ = {isa = PBXFileReference; lastKnownFileType = file.storyboard; name = Base; path = Base.lproj/LaunchScreen.storyboard; sourceTree = "<group>"; };
		4502D95F256C622F00935EA5 /* Info.plist */ = {isa = PBXFileReference; lastKnownFileType = text.plist.xml; path = Info.plist; sourceTree = "<group>"; };
		4502D965256D7C6000935EA5 /* NewsModel.swift */ = {isa = PBXFileReference; lastKnownFileType = sourcecode.swift; path = NewsModel.swift; sourceTree = "<group>"; };
		45749A052585032200321E00 /* Podfile */ = {isa = PBXFileReference; lastKnownFileType = text; path = Podfile; sourceTree = "<group>"; };
		4588A1CB2570595B0036486D /* NewsCollectionViewCell.swift */ = {isa = PBXFileReference; lastKnownFileType = sourcecode.swift; path = NewsCollectionViewCell.swift; sourceTree = "<group>"; };
		8CA5D399FB1029FA10939DC1 /* Pods-NewsApp_Simple.release.xcconfig */ = {isa = PBXFileReference; includeInIndex = 1; lastKnownFileType = text.xcconfig; name = "Pods-NewsApp_Simple.release.xcconfig"; path = "Target Support Files/Pods-NewsApp_Simple/Pods-NewsApp_Simple.release.xcconfig"; sourceTree = "<group>"; };
		9AF2DB7B8F4A367345326E73 /* Pods_NewsApp_Simple.framework */ = {isa = PBXFileReference; explicitFileType = wrapper.framework; includeInIndex = 0; path = Pods_NewsApp_Simple.framework; sourceTree = BUILT_PRODUCTS_DIR; };
/* End PBXFileReference section */

/* Begin PBXFrameworksBuildPhase section */
		4502D94B256C622600935EA5 /* Frameworks */ = {
			isa = PBXFrameworksBuildPhase;
			buildActionMask = 2147483647;
			files = (
				23B8FA3AC5A883D1F2BFFA29 /* Pods_NewsApp_Simple.framework in Frameworks */,
			);
			runOnlyForDeploymentPostprocessing = 0;
		};
/* End PBXFrameworksBuildPhase section */

/* Begin PBXGroup section */
		4502D945256C622600935EA5 = {
			isa = PBXGroup;
			children = (
				45749A052585032200321E00 /* Podfile */,
				4502D950256C622600935EA5 /* NewsApp_Simple */,
				4502D94F256C622600935EA5 /* Products */,
				E062E2217A20CF0B1215FC64 /* Pods */,
				88FEF29FC23A9CD77C3EE4EC /* Frameworks */,
			);
			sourceTree = "<group>";
		};
		4502D94F256C622600935EA5 /* Products */ = {
			isa = PBXGroup;
			children = (
				4502D94E256C622600935EA5 /* NewsApp_Simple.app */,
			);
			name = Products;
			sourceTree = "<group>";
		};
		4502D950256C622600935EA5 /* NewsApp_Simple */ = {
			isa = PBXGroup;
			children = (
				4588A1CB2570595B0036486D /* NewsCollectionViewCell.swift */,
				4502D951256C622600935EA5 /* AppDelegate.swift */,
				4502D953256C622600935EA5 /* SceneDelegate.swift */,
				4502D955256C622600935EA5 /* ViewController.swift */,
				4502D965256D7C6000935EA5 /* NewsModel.swift */,
				4502D957256C622600935EA5 /* Main.storyboard */,
				4502D95A256C622F00935EA5 /* Assets.xcassets */,
				4502D95C256C622F00935EA5 /* LaunchScreen.storyboard */,
				4502D95F256C622F00935EA5 /* Info.plist */,
			);
			path = NewsApp_Simple;
			sourceTree = "<group>";
		};
		88FEF29FC23A9CD77C3EE4EC /* Frameworks */ = {
			isa = PBXGroup;
			children = (
				9AF2DB7B8F4A367345326E73 /* Pods_NewsApp_Simple.framework */,
			);
			name = Frameworks;
			sourceTree = "<group>";
		};
		E062E2217A20CF0B1215FC64 /* Pods */ = {
			isa = PBXGroup;
			children = (
				317D2CDCD9C1FFC71C32B876 /* Pods-NewsApp_Simple.debug.xcconfig */,
				8CA5D399FB1029FA10939DC1 /* Pods-NewsApp_Simple.release.xcconfig */,
			);
			name = Pods;
			path = Pods;
			sourceTree = "<group>";
		};
/* End PBXGroup section */

/* Begin PBXNativeTarget section */
		4502D94D256C622600935EA5 /* NewsApp_Simple */ = {
			isa = PBXNativeTarget;
			buildConfigurationList = 4502D962256C622F00935EA5 /* Build configuration list for PBXNativeTarget "NewsApp_Simple" */;
			buildPhases = (
				255361EAFCE8EE7A8421F78C /* [CP] Check Pods Manifest.lock */,
				4502D94A256C622600935EA5 /* Sources */,
				4502D94B256C622600935EA5 /* Frameworks */,
				4502D94C256C622600935EA5 /* Resources */,
				0C4C5871CB91E63FD7903532 /* [CP] Embed Pods Frameworks */,
			);
			buildRules = (
			);
			dependencies = (
			);
			name = NewsApp_Simple;
			productName = NewsApp_Simple;
			productReference = 4502D94E256C622600935EA5 /* NewsApp_Simple.app */;
			productType = "com.apple.product-type.application";
		};
/* End PBXNativeTarget section */

/* Begin PBXProject section */
		4502D946256C622600935EA5 /* Project object */ = {
			isa = PBXProject;
			attributes = {
				LastSwiftUpdateCheck = 1140;
				LastUpgradeCheck = 1140;
				ORGANIZATIONNAME = "Taras Motruk";
				TargetAttributes = {
					4502D94D256C622600935EA5 = {
						CreatedOnToolsVersion = 11.4;
					};
				};
			};
			buildConfigurationList = 4502D949256C622600935EA5 /* Build configuration list for PBXProject "NewsApp_Simple" */;
			compatibilityVersion = "Xcode 9.3";
			developmentRegion = en;
			hasScannedForEncodings = 0;
			knownRegions = (
				en,
				Base,
			);
			mainGroup = 4502D945256C622600935EA5;
			productRefGroup = 4502D94F256C622600935EA5 /* Products */;
			projectDirPath = "";
			projectRoot = "";
			targets = (
				4502D94D256C622600935EA5 /* NewsApp_Simple */,
			);
		};
/* End PBXProject section */

/* Begin PBXResourcesBuildPhase section */
		4502D94C256C622600935EA5 /* Resources */ = {
			isa = PBXResourcesBuildPhase;
			buildActionMask = 2147483647;
			files = (
				4502D95E256C622F00935EA5 /* LaunchScreen.storyboard in Resources */,
				4502D95B256C622F00935EA5 /* Assets.xcassets in Resources */,
				45749A062585032200321E00 /* Podfile in Resources */,
				4502D959256C622600935EA5 /* Main.storyboard in Resources */,
			);
			runOnlyForDeploymentPostprocessing = 0;
		};
/* End PBXResourcesBuildPhase section */

/* Begin PBXShellScriptBuildPhase section */
		0C4C5871CB91E63FD7903532 /* [CP] Embed Pods Frameworks */ = {
			isa = PBXShellScriptBuildPhase;
			buildActionMask = 2147483647;
			files = (
			);
			inputFileListPaths = (
				"${PODS_ROOT}/Target Support Files/Pods-NewsApp_Simple/Pods-NewsApp_Simple-frameworks-${CONFIGURATION}-input-files.xcfilelist",
			);
			name = "[CP] Embed Pods Frameworks";
			outputFileListPaths = (
				"${PODS_ROOT}/Target Support Files/Pods-NewsApp_Simple/Pods-NewsApp_Simple-frameworks-${CONFIGURATION}-output-files.xcfilelist",
			);
			runOnlyForDeploymentPostprocessing = 0;
			shellPath = /bin/sh;
			shellScript = "\"${PODS_ROOT}/Target Support Files/Pods-NewsApp_Simple/Pods-NewsApp_Simple-frameworks.sh\"\n";
			showEnvVarsInLog = 0;
		};
		255361EAFCE8EE7A8421F78C /* [CP] Check Pods Manifest.lock */ = {
			isa = PBXShellScriptBuildPhase;
			buildActionMask = 2147483647;
			files = (
			);
			inputFileListPaths = (
			);
			inputPaths = (
				"${PODS_PODFILE_DIR_PATH}/Podfile.lock",
				"${PODS_ROOT}/Manifest.lock",
			);
			name = "[CP] Check Pods Manifest.lock";
			outputFileListPaths = (
			);
			outputPaths = (
				"$(DERIVED_FILE_DIR)/Pods-NewsApp_Simple-checkManifestLockResult.txt",
			);
			runOnlyForDeploymentPostprocessing = 0;
			shellPath = /bin/sh;
			shellScript = "diff \"${PODS_PODFILE_DIR_PATH}/Podfile.lock\" \"${PODS_ROOT}/Manifest.lock\" > /dev/null\nif [ $? != 0 ] ; then\n    # print error to STDERR\n    echo \"error: The sandbox is not in sync with the Podfile.lock. Run 'pod install' or update your CocoaPods installation.\" >&2\n    exit 1\nfi\n# This output is used by Xcode 'outputs' to avoid re-running this script phase.\necho \"SUCCESS\" > \"${SCRIPT_OUTPUT_FILE_0}\"\n";
			showEnvVarsInLog = 0;
		};
/* End PBXShellScriptBuildPhase section */

/* Begin PBXSourcesBuildPhase section */
		4502D94A256C622600935EA5 /* Sources */ = {
			isa = PBXSourcesBuildPhase;
			buildActionMask = 2147483647;
			files = (
				4502D966256D7C6000935EA5 /* NewsModel.swift in Sources */,
				4502D956256C622600935EA5 /* ViewController.swift in Sources */,
				4502D952256C622600935EA5 /* AppDelegate.swift in Sources */,
				4502D954256C622600935EA5 /* SceneDelegate.swift in Sources */,
				4588A1CC2570595B0036486D /* NewsCollectionViewCell.swift in Sources */,
			);
			runOnlyForDeploymentPostprocessing = 0;
		};
/* End PBXSourcesBuildPhase section */

/* Begin PBXVariantGroup section */
		4502D957256C622600935EA5 /* Main.storyboard */ = {
			isa = PBXVariantGroup;
			children = (
				4502D958256C622600935EA5 /* Base */,
			);
			name = Main.storyboard;
			sourceTree = "<group>";
		};
		4502D95C256C622F00935EA5 /* LaunchScreen.storyboard */ = {
			isa = PBXVariantGroup;
			children = (
				4502D95D256C622F00935EA5 /* Base */,
			);
			name = LaunchScreen.storyboard;
			sourceTree = "<group>";
		};
/* End PBXVariantGroup section */

/* Begin XCBuildConfiguration section */
		4502D960256C622F00935EA5 /* Debug */ = {
			isa = XCBuildConfiguration;
			buildSettings = {
				ALWAYS_SEARCH_USER_PATHS = NO;
				CLANG_ANALYZER_NONNULL = YES;
				CLANG_ANALYZER_NUMBER_OBJECT_CONVERSION = YES_AGGRESSIVE;
				CLANG_CXX_LANGUAGE_STANDARD = "gnu++14";
				CLANG_CXX_LIBRARY = "libc++";
				CLANG_ENABLE_MODULES = YES;
				CLANG_ENABLE_OBJC_ARC = YES;
				CLANG_ENABLE_OBJC_WEAK = YES;
				CLANG_WARN_BLOCK_CAPTURE_AUTORELEASING = YES;
				CLANG_WARN_BOOL_CONVERSION = YES;
				CLANG_WARN_COMMA = YES;
				CLANG_WARN_CONSTANT_CONVERSION = YES;
				CLANG_WARN_DEPRECATED_OBJC_IMPLEMENTATIONS = YES;
				CLANG_WARN_DIRECT_OBJC_ISA_USAGE = YES_ERROR;
				CLANG_WARN_DOCUMENTATION_COMMENTS = YES;
				CLANG_WARN_EMPTY_BODY = YES;
				CLANG_WARN_ENUM_CONVERSION = YES;
				CLANG_WARN_INFINITE_RECURSION = YES;
				CLANG_WARN_INT_CONVERSION = YES;
				CLANG_WARN_NON_LITERAL_NULL_CONVERSION = YES;
				CLANG_WARN_OBJC_IMPLICIT_RETAIN_SELF = YES;
				CLANG_WARN_OBJC_LITERAL_CONVERSION = YES;
				CLANG_WARN_OBJC_ROOT_CLASS = YES_ERROR;
				CLANG_WARN_RANGE_LOOP_ANALYSIS = YES;
				CLANG_WARN_STRICT_PROTOTYPES = YES;
				CLANG_WARN_SUSPICIOUS_MOVE = YES;
				CLANG_WARN_UNGUARDED_AVAILABILITY = YES_AGGRESSIVE;
				CLANG_WARN_UNREACHABLE_CODE = YES;
				CLANG_WARN__DUPLICATE_METHOD_MATCH = YES;
				COPY_PHASE_STRIP = NO;
				DEBUG_INFORMATION_FORMAT = dwarf;
				ENABLE_STRICT_OBJC_MSGSEND = YES;
				ENABLE_TESTABILITY = YES;
				GCC_C_LANGUAGE_STANDARD = gnu11;
				GCC_DYNAMIC_NO_PIC = NO;
				GCC_NO_COMMON_BLOCKS = YES;
				GCC_OPTIMIZATION_LEVEL = 0;
				GCC_PREPROCESSOR_DEFINITIONS = (
					"DEBUG=1",
					"$(inherited)",
				);
				GCC_WARN_64_TO_32_BIT_CONVERSION = YES;
				GCC_WARN_ABOUT_RETURN_TYPE = YES_ERROR;
				GCC_WARN_UNDECLARED_SELECTOR = YES;
				GCC_WARN_UNINITIALIZED_AUTOS = YES_AGGRESSIVE;
				GCC_WARN_UNUSED_FUNCTION = YES;
				GCC_WARN_UNUSED_VARIABLE = YES;
				IPHONEOS_DEPLOYMENT_TARGET = 13.4;
				MTL_ENABLE_DEBUG_INFO = INCLUDE_SOURCE;
				MTL_FAST_MATH = YES;
				ONLY_ACTIVE_ARCH = YES;
				SDKROOT = iphoneos;
				SWIFT_ACTIVE_COMPILATION_CONDITIONS = DEBUG;
				SWIFT_OPTIMIZATION_LEVEL = "-Onone";
			};
			name = Debug;
		};
		4502D961256C622F00935EA5 /* Release */ = {
			isa = XCBuildConfiguration;
			buildSettings = {
				ALWAYS_SEARCH_USER_PATHS = NO;
				CLANG_ANALYZER_NONNULL = YES;
				CLANG_ANALYZER_NUMBER_OBJECT_CONVERSION = YES_AGGRESSIVE;
				CLANG_CXX_LANGUAGE_STANDARD = "gnu++14";
				CLANG_CXX_LIBRARY = "libc++";
				CLANG_ENABLE_MODULES = YES;
				CLANG_ENABLE_OBJC_ARC = YES;
				CLANG_ENABLE_OBJC_WEAK = YES;
				CLANG_WARN_BLOCK_CAPTURE_AUTORELEASING = YES;
				CLANG_WARN_BOOL_CONVERSION = YES;
				CLANG_WARN_COMMA = YES;
				CLANG_WARN_CONSTANT_CONVERSION = YES;
				CLANG_WARN_DEPRECATED_OBJC_IMPLEMENTATIONS = YES;
				CLANG_WARN_DIRECT_OBJC_ISA_USAGE = YES_ERROR;
				CLANG_WARN_DOCUMENTATION_COMMENTS = YES;
				CLANG_WARN_EMPTY_BODY = YES;
				CLANG_WARN_ENUM_CONVERSION = YES;
				CLANG_WARN_INFINITE_RECURSION = YES;
				CLANG_WARN_INT_CONVERSION = YES;
				CLANG_WARN_NON_LITERAL_NULL_CONVERSION = YES;
				CLANG_WARN_OBJC_IMPLICIT_RETAIN_SELF = YES;
				CLANG_WARN_OBJC_LITERAL_CONVERSION = YES;
				CLANG_WARN_OBJC_ROOT_CLASS = YES_ERROR;
				CLANG_WARN_RANGE_LOOP_ANALYSIS = YES;
				CLANG_WARN_STRICT_PROTOTYPES = YES;
				CLANG_WARN_SUSPICIOUS_MOVE = YES;
				CLANG_WARN_UNGUARDED_AVAILABILITY = YES_AGGRESSIVE;
				CLANG_WARN_UNREACHABLE_CODE = YES;
				CLANG_WARN__DUPLICATE_METHOD_MATCH = YES;
				COPY_PHASE_STRIP = NO;
				DEBUG_INFORMATION_FORMAT = "dwarf-with-dsym";
				ENABLE_NS_ASSERTIONS = NO;
				ENABLE_STRICT_OBJC_MSGSEND = YES;
				GCC_C_LANGUAGE_STANDARD = gnu11;
				GCC_NO_COMMON_BLOCKS = YES;
				GCC_WARN_64_TO_32_BIT_CONVERSION = YES;
				GCC_WARN_ABOUT_RETURN_TYPE = YES_ERROR;
				GCC_WARN_UNDECLARED_SELECTOR = YES;
				GCC_WARN_UNINITIALIZED_AUTOS = YES_AGGRESSIVE;
				GCC_WARN_UNUSED_FUNCTION = YES;
				GCC_WARN_UNUSED_VARIABLE = YES;
				IPHONEOS_DEPLOYMENT_TARGET = 13.4;
				MTL_ENABLE_DEBUG_INFO = NO;
				MTL_FAST_MATH = YES;
				SDKROOT = iphoneos;
				SWIFT_COMPILATION_MODE = wholemodule;
				SWIFT_OPTIMIZATION_LEVEL = "-O";
				VALIDATE_PRODUCT = YES;
			};
			name = Release;
		};
		4502D963256C622F00935EA5 /* Debug */ = {
			isa = XCBuildConfiguration;
			baseConfigurationReference = 317D2CDCD9C1FFC71C32B876 /* Pods-NewsApp_Simple.debug.xcconfig */;
			buildSettings = {
				ASSETCATALOG_COMPILER_APPICON_NAME = AppIcon;
				CODE_SIGN_STYLE = Automatic;
				DEVELOPMENT_TEAM = 7YV6V8HGN2;
				INFOPLIST_FILE = NewsApp_Simple/Info.plist;
				LD_RUNPATH_SEARCH_PATHS = (
					"$(inherited)",
					"@executable_path/Frameworks",
				);
				PRODUCT_BUNDLE_IDENTIFIER = "com.tarasmotruk.NewsApp-Simple";
				PRODUCT_NAME = "$(TARGET_NAME)";
				SWIFT_VERSION = 5.0;
				TARGETED_DEVICE_FAMILY = "1,2";
			};
			name = Debug;
		};
		4502D964256C622F00935EA5 /* Release */ = {
			isa = XCBuildConfiguration;
			baseConfigurationReference = 8CA5D399FB1029FA10939DC1 /* Pods-NewsApp_Simple.release.xcconfig */;
			buildSettings = {
				ASSETCATALOG_COMPILER_APPICON_NAME = AppIcon;
				CODE_SIGN_STYLE = Automatic;
				DEVELOPMENT_TEAM = 7YV6V8HGN2;
				INFOPLIST_FILE = NewsApp_Simple/Info.plist;
				LD_RUNPATH_SEARCH_PATHS = (
					"$(inherited)",
					"@executable_path/Frameworks",
				);
				PRODUCT_BUNDLE_IDENTIFIER = "com.tarasmotruk.NewsApp-Simple";
				PRODUCT_NAME = "$(TARGET_NAME)";
				SWIFT_VERSION = 5.0;
				TARGETED_DEVICE_FAMILY = "1,2";
			};
			name = Release;
		};
/* End XCBuildConfiguration section */

/* Begin XCConfigurationList section */
		4502D949256C622600935EA5 /* Build configuration list for PBXProject "NewsApp_Simple" */ = {
			isa = XCConfigurationList;
			buildConfigurations = (
				4502D960256C622F00935EA5 /* Debug */,
				4502D961256C622F00935EA5 /* Release */,
			);
			defaultConfigurationIsVisible = 0;
			defaultConfigurationName = Release;
		};
		4502D962256C622F00935EA5 /* Build configuration list for PBXNativeTarget "NewsApp_Simple" */ = {
			isa = XCConfigurationList;
			buildConfigurations = (
				4502D963256C622F00935EA5 /* Debug */,
				4502D964256C622F00935EA5 /* Release */,
			);
			defaultConfigurationIsVisible = 0;
			defaultConfigurationName = Release;
		};
/* End XCConfigurationList section */
	};
	rootObject = 4502D946256C622600935EA5 /* Project object */;
}
